// !$*UTF8*$!
{
	archiveVersion = 1;
	classes = {
	};
	objectVersion = 50;
	objects = {

/* Begin PBXBuildFile section */
		059E69F920EBA80100077AEF /* AppDelegate.swift in Sources */ = {isa = PBXBuildFile; fileRef = 059E69F820EBA80100077AEF /* AppDelegate.swift */; };
		059E69FB20EBA80100077AEF /* SurveyVC.swift in Sources */ = {isa = PBXBuildFile; fileRef = 059E69FA20EBA80100077AEF /* SurveyVC.swift */; };
		059E69FE20EBA80100077AEF /* Main.storyboard in Resources */ = {isa = PBXBuildFile; fileRef = 059E69FC20EBA80100077AEF /* Main.storyboard */; };
		059E6A0120EBA80100077AEF /* ResearchKit_Demo.xcdatamodeld in Sources */ = {isa = PBXBuildFile; fileRef = 059E69FF20EBA80100077AEF /* ResearchKit_Demo.xcdatamodeld */; };
		059E6A0320EBA80600077AEF /* Assets.xcassets in Resources */ = {isa = PBXBuildFile; fileRef = 059E6A0220EBA80600077AEF /* Assets.xcassets */; };
		059E6A0620EBA80600077AEF /* LaunchScreen.storyboard in Resources */ = {isa = PBXBuildFile; fileRef = 059E6A0420EBA80600077AEF /* LaunchScreen.storyboard */; };
		059E6A3420EBAA0000077AEF /* SurveyConstants.swift in Sources */ = {isa = PBXBuildFile; fileRef = 059E6A3320EBAA0000077AEF /* SurveyConstants.swift */; };
		059E6A5220EBAF3500077AEF /* Survey.swift in Sources */ = {isa = PBXBuildFile; fileRef = 059E6A5120EBAF3500077AEF /* Survey.swift */; };
		05C92B4220EDE0F300DE7473 /* ConsentVC.swift in Sources */ = {isa = PBXBuildFile; fileRef = 05C92B4120EDE0F300DE7473 /* ConsentVC.swift */; };
		05F5115F20ECF35500D948DA /* ResearchKit.framework in Frameworks */ = {isa = PBXBuildFile; fileRef = 059E6A4A20EBAC4C00077AEF /* ResearchKit.framework */; };
		05F5116020ECF35500D948DA /* ResearchKit.framework in Embed Frameworks */ = {isa = PBXBuildFile; fileRef = 059E6A4A20EBAC4C00077AEF /* ResearchKit.framework */; settings = {ATTRIBUTES = (CodeSignOnCopy, RemoveHeadersOnCopy, ); }; };
		BF5CF8886F387E7BCBC84147 /* Pods_ResearchKit_Demo.framework in Frameworks */ = {isa = PBXBuildFile; fileRef = E1B6C84B318713FE373EA157 /* Pods_ResearchKit_Demo.framework */; };
/* End PBXBuildFile section */

/* Begin PBXContainerItemProxy section */
		059E6A4920EBAC4C00077AEF /* PBXContainerItemProxy */ = {
			isa = PBXContainerItemProxy;
			containerPortal = 059E6A4320EBAC4B00077AEF /* ResearchKit.xcodeproj */;
			proxyType = 2;
			remoteGlobalIDString = B183A5951A8535D100C76870;
			remoteInfo = ResearchKit;
		};
		059E6A4B20EBAC4C00077AEF /* PBXContainerItemProxy */ = {
			isa = PBXContainerItemProxy;
			containerPortal = 059E6A4320EBAC4B00077AEF /* ResearchKit.xcodeproj */;
			proxyType = 2;
			remoteGlobalIDString = 86CC8E9A1AC09332001CCD89;
			remoteInfo = ResearchKitTests;
		};
		05F5116120ECF35500D948DA /* PBXContainerItemProxy */ = {
			isa = PBXContainerItemProxy;
			containerPortal = 059E6A4320EBAC4B00077AEF /* ResearchKit.xcodeproj */;
			proxyType = 1;
			remoteGlobalIDString = B183A4731A8535D100C76870;
			remoteInfo = ResearchKit;
		};
/* End PBXContainerItemProxy section */

/* Begin PBXCopyFilesBuildPhase section */
		05F5116320ECF35500D948DA /* Embed Frameworks */ = {
			isa = PBXCopyFilesBuildPhase;
			buildActionMask = 2147483647;
			dstPath = "";
			dstSubfolderSpec = 10;
			files = (
				05F5116020ECF35500D948DA /* ResearchKit.framework in Embed Frameworks */,
			);
			name = "Embed Frameworks";
			runOnlyForDeploymentPostprocessing = 0;
		};
/* End PBXCopyFilesBuildPhase section */

/* Begin PBXFileReference section */
		059E69F520EBA80100077AEF /* ResearchKit Demo.app */ = {isa = PBXFileReference; explicitFileType = wrapper.application; includeInIndex = 0; path = "ResearchKit Demo.app"; sourceTree = BUILT_PRODUCTS_DIR; };
		059E69F820EBA80100077AEF /* AppDelegate.swift */ = {isa = PBXFileReference; lastKnownFileType = sourcecode.swift; path = AppDelegate.swift; sourceTree = "<group>"; };
		059E69FA20EBA80100077AEF /* SurveyVC.swift */ = {isa = PBXFileReference; lastKnownFileType = sourcecode.swift; path = SurveyVC.swift; sourceTree = "<group>"; };
		059E69FD20EBA80100077AEF /* Base */ = {isa = PBXFileReference; lastKnownFileType = file.storyboard; name = Base; path = Base.lproj/Main.storyboard; sourceTree = "<group>"; };
		059E6A0020EBA80100077AEF /* ResearchKit_Demo.xcdatamodel */ = {isa = PBXFileReference; lastKnownFileType = wrapper.xcdatamodel; path = ResearchKit_Demo.xcdatamodel; sourceTree = "<group>"; };
		059E6A0220EBA80600077AEF /* Assets.xcassets */ = {isa = PBXFileReference; lastKnownFileType = folder.assetcatalog; path = Assets.xcassets; sourceTree = "<group>"; };
		059E6A0520EBA80600077AEF /* Base */ = {isa = PBXFileReference; lastKnownFileType = file.storyboard; name = Base; path = Base.lproj/LaunchScreen.storyboard; sourceTree = "<group>"; };
		059E6A0720EBA80600077AEF /* Info.plist */ = {isa = PBXFileReference; lastKnownFileType = text.plist.xml; path = Info.plist; sourceTree = "<group>"; };
		059E6A3320EBAA0000077AEF /* SurveyConstants.swift */ = {isa = PBXFileReference; lastKnownFileType = sourcecode.swift; path = SurveyConstants.swift; sourceTree = "<group>"; };
		059E6A4320EBAC4B00077AEF /* ResearchKit.xcodeproj */ = {isa = PBXFileReference; lastKnownFileType = "wrapper.pb-project"; name = ResearchKit.xcodeproj; path = "../../../../../../../Downloads/ResearchKit-master/ResearchKit.xcodeproj"; sourceTree = "<group>"; };
		059E6A5120EBAF3500077AEF /* Survey.swift */ = {isa = PBXFileReference; lastKnownFileType = sourcecode.swift; path = Survey.swift; sourceTree = "<group>"; };
		05C92B4120EDE0F300DE7473 /* ConsentVC.swift */ = {isa = PBXFileReference; lastKnownFileType = sourcecode.swift; path = ConsentVC.swift; sourceTree = "<group>"; };
		4B6DE46CA3520DE017822F8E /* Pods-ResearchKit Demo.debug.xcconfig */ = {isa = PBXFileReference; includeInIndex = 1; lastKnownFileType = text.xcconfig; name = "Pods-ResearchKit Demo.debug.xcconfig"; path = "Pods/Target Support Files/Pods-ResearchKit Demo/Pods-ResearchKit Demo.debug.xcconfig"; sourceTree = "<group>"; };
		E1B6C84B318713FE373EA157 /* Pods_ResearchKit_Demo.framework */ = {isa = PBXFileReference; explicitFileType = wrapper.framework; includeInIndex = 0; path = Pods_ResearchKit_Demo.framework; sourceTree = BUILT_PRODUCTS_DIR; };
		FB653B357D8606E5A2BE51BF /* Pods-ResearchKit Demo.release.xcconfig */ = {isa = PBXFileReference; includeInIndex = 1; lastKnownFileType = text.xcconfig; name = "Pods-ResearchKit Demo.release.xcconfig"; path = "Pods/Target Support Files/Pods-ResearchKit Demo/Pods-ResearchKit Demo.release.xcconfig"; sourceTree = "<group>"; };
/* End PBXFileReference section */

/* Begin PBXFrameworksBuildPhase section */
		059E69F220EBA80100077AEF /* Frameworks */ = {
			isa = PBXFrameworksBuildPhase;
			buildActionMask = 2147483647;
			files = (
				05F5115F20ECF35500D948DA /* ResearchKit.framework in Frameworks */,
				BF5CF8886F387E7BCBC84147 /* Pods_ResearchKit_Demo.framework in Frameworks */,
			);
			runOnlyForDeploymentPostprocessing = 0;
		};
/* End PBXFrameworksBuildPhase section */

/* Begin PBXGroup section */
		059E69EC20EBA80100077AEF = {
			isa = PBXGroup;
			children = (
				059E69F720EBA80100077AEF /* ResearchKit Demo */,
				059E69F620EBA80100077AEF /* Products */,
				59725378BCDF2F1F3721E19D /* Pods */,
				5D1ACEB132FA39FB8AD79105 /* Frameworks */,
			);
			sourceTree = "<group>";
		};
		059E69F620EBA80100077AEF /* Products */ = {
			isa = PBXGroup;
			children = (
				059E69F520EBA80100077AEF /* ResearchKit Demo.app */,
			);
			name = Products;
			sourceTree = "<group>";
		};
		059E69F720EBA80100077AEF /* ResearchKit Demo */ = {
			isa = PBXGroup;
			children = (
				059E6A1820EBA88300077AEF /* View */,
				059E6A1B20EBA8D200077AEF /* Utils */,
				059E6A1A20EBA8AD00077AEF /* Controller */,
				059E6A1720EBA85800077AEF /* Model */,
				059E6A0720EBA80600077AEF /* Info.plist */,
			);
			path = "ResearchKit Demo";
			sourceTree = "<group>";
		};
		059E6A1720EBA85800077AEF /* Model */ = {
			isa = PBXGroup;
			children = (
			);
			path = Model;
			sourceTree = "<group>";
		};
		059E6A1820EBA88300077AEF /* View */ = {
			isa = PBXGroup;
			children = (
				059E69FC20EBA80100077AEF /* Main.storyboard */,
				059E6A0420EBA80600077AEF /* LaunchScreen.storyboard */,
			);
			path = View;
			sourceTree = "<group>";
		};
		059E6A1A20EBA8AD00077AEF /* Controller */ = {
			isa = PBXGroup;
			children = (
				059E69F820EBA80100077AEF /* AppDelegate.swift */,
				059E69FA20EBA80100077AEF /* SurveyVC.swift */,
				05C92B4120EDE0F300DE7473 /* ConsentVC.swift */,
			);
			path = Controller;
			sourceTree = "<group>";
		};
		059E6A1B20EBA8D200077AEF /* Utils */ = {
			isa = PBXGroup;
			children = (
				059E6A0220EBA80600077AEF /* Assets.xcassets */,
				059E6A3220EBA99E00077AEF /* XCDataModel */,
				059E6A1D20EBA8F300077AEF /* Consts */,
				059E6A1C20EBA8E800077AEF /* Services */,
			);
			path = Utils;
			sourceTree = "<group>";
		};
		059E6A1C20EBA8E800077AEF /* Services */ = {
			isa = PBXGroup;
			children = (
				059E6A4320EBAC4B00077AEF /* ResearchKit.xcodeproj */,
			);
			path = Services;
			sourceTree = "<group>";
		};
		059E6A1D20EBA8F300077AEF /* Consts */ = {
			isa = PBXGroup;
			children = (
				059E6A3320EBAA0000077AEF /* SurveyConstants.swift */,
				059E6A5120EBAF3500077AEF /* Survey.swift */,
			);
			path = Consts;
			sourceTree = "<group>";
		};
		059E6A3220EBA99E00077AEF /* XCDataModel */ = {
			isa = PBXGroup;
			children = (
				059E69FF20EBA80100077AEF /* ResearchKit_Demo.xcdatamodeld */,
			);
			path = XCDataModel;
			sourceTree = "<group>";
		};
		059E6A4420EBAC4B00077AEF /* Products */ = {
			isa = PBXGroup;
			children = (
				059E6A4A20EBAC4C00077AEF /* ResearchKit.framework */,
				059E6A4C20EBAC4C00077AEF /* ResearchKitTests.xctest */,
			);
			name = Products;
			sourceTree = "<group>";
		};
		59725378BCDF2F1F3721E19D /* Pods */ = {
			isa = PBXGroup;
			children = (
				4B6DE46CA3520DE017822F8E /* Pods-ResearchKit Demo.debug.xcconfig */,
				FB653B357D8606E5A2BE51BF /* Pods-ResearchKit Demo.release.xcconfig */,
			);
			name = Pods;
			sourceTree = "<group>";
		};
		5D1ACEB132FA39FB8AD79105 /* Frameworks */ = {
			isa = PBXGroup;
			children = (
				E1B6C84B318713FE373EA157 /* Pods_ResearchKit_Demo.framework */,
			);
			name = Frameworks;
			sourceTree = "<group>";
		};
/* End PBXGroup section */

/* Begin PBXNativeTarget section */
		059E69F420EBA80100077AEF /* ResearchKit Demo */ = {
			isa = PBXNativeTarget;
			buildConfigurationList = 059E6A0A20EBA80600077AEF /* Build configuration list for PBXNativeTarget "ResearchKit Demo" */;
			buildPhases = (
				14B2F6D70B3DEEA9EBB4F874 /* [CP] Check Pods Manifest.lock */,
				059E69F120EBA80100077AEF /* Sources */,
				059E69F220EBA80100077AEF /* Frameworks */,
				059E69F320EBA80100077AEF /* Resources */,
				05F5116320ECF35500D948DA /* Embed Frameworks */,
				1FFB2E8F5812F5F0B3794AF2 /* [CP] Embed Pods Frameworks */,
			);
			buildRules = (
			);
			dependencies = (
				05F5116220ECF35500D948DA /* PBXTargetDependency */,
			);
			name = "ResearchKit Demo";
			productName = "ResearchKit Demo";
			productReference = 059E69F520EBA80100077AEF /* ResearchKit Demo.app */;
			productType = "com.apple.product-type.application";
		};
/* End PBXNativeTarget section */

/* Begin PBXProject section */
		059E69ED20EBA80100077AEF /* Project object */ = {
			isa = PBXProject;
			attributes = {
				LastSwiftUpdateCheck = 0930;
				LastUpgradeCheck = 0930;
				ORGANIZATIONNAME = "Solution Analysts";
				TargetAttributes = {
					059E69F420EBA80100077AEF = {
						CreatedOnToolsVersion = 9.3;
					};
				};
			};
			buildConfigurationList = 059E69F020EBA80100077AEF /* Build configuration list for PBXProject "ResearchKit Demo" */;
			compatibilityVersion = "Xcode 9.3";
			developmentRegion = en;
			hasScannedForEncodings = 0;
			knownRegions = (
				en,
				Base,
			);
			mainGroup = 059E69EC20EBA80100077AEF;
			productRefGroup = 059E69F620EBA80100077AEF /* Products */;
			projectDirPath = "";
			projectReferences = (
				{
					ProductGroup = 059E6A4420EBAC4B00077AEF /* Products */;
					ProjectRef = 059E6A4320EBAC4B00077AEF /* ResearchKit.xcodeproj */;
				},
			);
			projectRoot = "";
			targets = (
				059E69F420EBA80100077AEF /* ResearchKit Demo */,
			);
		};
/* End PBXProject section */

/* Begin PBXReferenceProxy section */
		059E6A4A20EBAC4C00077AEF /* ResearchKit.framework */ = {
			isa = PBXReferenceProxy;
			fileType = wrapper.framework;
			path = ResearchKit.framework;
			remoteRef = 059E6A4920EBAC4C00077AEF /* PBXContainerItemProxy */;
			sourceTree = BUILT_PRODUCTS_DIR;
		};
		059E6A4C20EBAC4C00077AEF /* ResearchKitTests.xctest */ = {
			isa = PBXReferenceProxy;
			fileType = wrapper.cfbundle;
			path = ResearchKitTests.xctest;
			remoteRef = 059E6A4B20EBAC4C00077AEF /* PBXContainerItemProxy */;
			sourceTree = BUILT_PRODUCTS_DIR;
		};
/* End PBXReferenceProxy section */

/* Begin PBXResourcesBuildPhase section */
		059E69F320EBA80100077AEF /* Resources */ = {
			isa = PBXResourcesBuildPhase;
			buildActionMask = 2147483647;
			files = (
				059E6A0620EBA80600077AEF /* LaunchScreen.storyboard in Resources */,
				059E6A0320EBA80600077AEF /* Assets.xcassets in Resources */,
				059E69FE20EBA80100077AEF /* Main.storyboard in Resources */,
			);
			runOnlyForDeploymentPostprocessing = 0;
		};
/* End PBXResourcesBuildPhase section */

/* Begin PBXShellScriptBuildPhase section */
		14B2F6D70B3DEEA9EBB4F874 /* [CP] Check Pods Manifest.lock */ = {
			isa = PBXShellScriptBuildPhase;
			buildActionMask = 12;
			files = (
			);
			inputPaths = (
				"${PODS_PODFILE_DIR_PATH}/Podfile.lock",
				"${PODS_ROOT}/Manifest.lock",
			);
			name = "[CP] Check Pods Manifest.lock";
			outputPaths = (
				"$(DERIVED_FILE_DIR)/Pods-ResearchKit Demo-checkManifestLockResult.txt",
			);
			runOnlyForDeploymentPostprocessing = 0;
			shellPath = /bin/sh;
			shellScript = "diff \"${PODS_PODFILE_DIR_PATH}/Podfile.lock\" \"${PODS_ROOT}/Manifest.lock\" > /dev/null\nif [ $? != 0 ] ; then\n    # print error to STDERR\n    echo \"error: The sandbox is not in sync with the Podfile.lock. Run 'pod install' or update your CocoaPods installation.\" >&2\n    exit 1\nfi\n# This output is used by Xcode 'outputs' to avoid re-running this script phase.\necho \"SUCCESS\" > \"${SCRIPT_OUTPUT_FILE_0}\"\n";
			showEnvVarsInLog = 0;
		};
		1FFB2E8F5812F5F0B3794AF2 /* [CP] Embed Pods Frameworks */ = {
			isa = PBXShellScriptBuildPhase;
			buildActionMask = 2147483647;
			files = (
			);
			inputPaths = (
				"${SRCROOT}/Pods/Target Support Files/Pods-ResearchKit Demo/Pods-ResearchKit Demo-frameworks.sh",
				"${BUILT_PRODUCTS_DIR}/ResearchKit/ResearchKit.framework",
			);
			name = "[CP] Embed Pods Frameworks";
			outputPaths = (
				"${TARGET_BUILD_DIR}/${FRAMEWORKS_FOLDER_PATH}/ResearchKit.framework",
			);
			runOnlyForDeploymentPostprocessing = 0;
			shellPath = /bin/sh;
			shellScript = "\"${SRCROOT}/Pods/Target Support Files/Pods-ResearchKit Demo/Pods-ResearchKit Demo-frameworks.sh\"\n";
			showEnvVarsInLog = 0;
		};
/* End PBXShellScriptBuildPhase section */

/* Begin PBXSourcesBuildPhase section */
		059E69F120EBA80100077AEF /* Sources */ = {
			isa = PBXSourcesBuildPhase;
			buildActionMask = 2147483647;
			files = (
				059E6A0120EBA80100077AEF /* ResearchKit_Demo.xcdatamodeld in Sources */,
				059E6A5220EBAF3500077AEF /* Survey.swift in Sources */,
				059E69FB20EBA80100077AEF /* SurveyVC.swift in Sources */,
				059E69F920EBA80100077AEF /* AppDelegate.swift in Sources */,
				059E6A3420EBAA0000077AEF /* SurveyConstants.swift in Sources */,
				05C92B4220EDE0F300DE7473 /* ConsentVC.swift in Sources */,
			);
			runOnlyForDeploymentPostprocessing = 0;
		};
/* End PBXSourcesBuildPhase section */

/* Begin PBXTargetDependency section */
		05F5116220ECF35500D948DA /* PBXTargetDependency */ = {
			isa = PBXTargetDependency;
			name = ResearchKit;
			targetProxy = 05F5116120ECF35500D948DA /* PBXContainerItemProxy */;
		};
/* End PBXTargetDependency section */

/* Begin PBXVariantGroup section */
		059E69FC20EBA80100077AEF /* Main.storyboard */ = {
			isa = PBXVariantGroup;
			children = (
				059E69FD20EBA80100077AEF /* Base */,
			);
			name = Main.storyboard;
			sourceTree = "<group>";
		};
		059E6A0420EBA80600077AEF /* LaunchScreen.storyboard */ = {
			isa = PBXVariantGroup;
			children = (
				059E6A0520EBA80600077AEF /* Base */,
			);
			name = LaunchScreen.storyboard;
			sourceTree = "<group>";
		};
/* End PBXVariantGroup section */

/* Begin XCBuildConfiguration section */
		059E6A0820EBA80600077AEF /* Debug */ = {
			isa = XCBuildConfiguration;
			buildSettings = {
				ALWAYS_SEARCH_USER_PATHS = NO;
				CLANG_ANALYZER_NONNULL = YES;
				CLANG_ANALYZER_NUMBER_OBJECT_CONVERSION = YES_AGGRESSIVE;
				CLANG_CXX_LANGUAGE_STANDARD = "gnu++14";
				CLANG_CXX_LIBRARY = "libc++";
				CLANG_ENABLE_MODULES = YES;
				CLANG_ENABLE_OBJC_ARC = YES;
				CLANG_ENABLE_OBJC_WEAK = YES;
				CLANG_WARN_BLOCK_CAPTURE_AUTORELEASING = YES;
				CLANG_WARN_BOOL_CONVERSION = YES;
				CLANG_WARN_COMMA = YES;
				CLANG_WARN_CONSTANT_CONVERSION = YES;
				CLANG_WARN_DEPRECATED_OBJC_IMPLEMENTATIONS = YES;
				CLANG_WARN_DIRECT_OBJC_ISA_USAGE = YES_ERROR;
				CLANG_WARN_DOCUMENTATION_COMMENTS = YES;
				CLANG_WARN_EMPTY_BODY = YES;
				CLANG_WARN_ENUM_CONVERSION = YES;
				CLANG_WARN_INFINITE_RECURSION = YES;
				CLANG_WARN_INT_CONVERSION = YES;
				CLANG_WARN_NON_LITERAL_NULL_CONVERSION = YES;
				CLANG_WARN_OBJC_IMPLICIT_RETAIN_SELF = YES;
				CLANG_WARN_OBJC_LITERAL_CONVERSION = YES;
				CLANG_WARN_OBJC_ROOT_CLASS = YES_ERROR;
				CLANG_WARN_RANGE_LOOP_ANALYSIS = YES;
				CLANG_WARN_STRICT_PROTOTYPES = YES;
				CLANG_WARN_SUSPICIOUS_MOVE = YES;
				CLANG_WARN_UNGUARDED_AVAILABILITY = YES_AGGRESSIVE;
				CLANG_WARN_UNREACHABLE_CODE = YES;
				CLANG_WARN__DUPLICATE_METHOD_MATCH = YES;
				CODE_SIGN_IDENTITY = "iPhone Developer";
				COPY_PHASE_STRIP = NO;
				DEBUG_INFORMATION_FORMAT = dwarf;
				ENABLE_STRICT_OBJC_MSGSEND = YES;
				ENABLE_TESTABILITY = YES;
				GCC_C_LANGUAGE_STANDARD = gnu11;
				GCC_DYNAMIC_NO_PIC = NO;
				GCC_NO_COMMON_BLOCKS = YES;
				GCC_OPTIMIZATION_LEVEL = 0;
				GCC_PREPROCESSOR_DEFINITIONS = (
					"DEBUG=1",
					"$(inherited)",
				);
				GCC_WARN_64_TO_32_BIT_CONVERSION = YES;
				GCC_WARN_ABOUT_RETURN_TYPE = YES_ERROR;
				GCC_WARN_UNDECLARED_SELECTOR = YES;
				GCC_WARN_UNINITIALIZED_AUTOS = YES_AGGRESSIVE;
				GCC_WARN_UNUSED_FUNCTION = YES;
				GCC_WARN_UNUSED_VARIABLE = YES;
				IPHONEOS_DEPLOYMENT_TARGET = 11.3;
				MTL_ENABLE_DEBUG_INFO = YES;
				ONLY_ACTIVE_ARCH = YES;
				SDKROOT = iphoneos;
				SWIFT_ACTIVE_COMPILATION_CONDITIONS = DEBUG;
				SWIFT_OPTIMIZATION_LEVEL = "-Onone";
			};
			name = Debug;
		};
		059E6A0920EBA80600077AEF /* Release */ = {
			isa = XCBuildConfiguration;
			buildSettings = {
				ALWAYS_SEARCH_USER_PATHS = NO;
				CLANG_ANALYZER_NONNULL = YES;
				CLANG_ANALYZER_NUMBER_OBJECT_CONVERSION = YES_AGGRESSIVE;
				CLANG_CXX_LANGUAGE_STANDARD = "gnu++14";
				CLANG_CXX_LIBRARY = "libc++";
				CLANG_ENABLE_MODULES = YES;
				CLANG_ENABLE_OBJC_ARC = YES;
				CLANG_ENABLE_OBJC_WEAK = YES;
				CLANG_WARN_BLOCK_CAPTURE_AUTORELEASING = YES;
				CLANG_WARN_BOOL_CONVERSION = YES;
				CLANG_WARN_COMMA = YES;
				CLANG_WARN_CONSTANT_CONVERSION = YES;
				CLANG_WARN_DEPRECATED_OBJC_IMPLEMENTATIONS = YES;
				CLANG_WARN_DIRECT_OBJC_ISA_USAGE = YES_ERROR;
				CLANG_WARN_DOCUMENTATION_COMMENTS = YES;
				CLANG_WARN_EMPTY_BODY = YES;
				CLANG_WARN_ENUM_CONVERSION = YES;
				CLANG_WARN_INFINITE_RECURSION = YES;
				CLANG_WARN_INT_CONVERSION = YES;
				CLANG_WARN_NON_LITERAL_NULL_CONVERSION = YES;
				CLANG_WARN_OBJC_IMPLICIT_RETAIN_SELF = YES;
				CLANG_WARN_OBJC_LITERAL_CONVERSION = YES;
				CLANG_WARN_OBJC_ROOT_CLASS = YES_ERROR;
				CLANG_WARN_RANGE_LOOP_ANALYSIS = YES;
				CLANG_WARN_STRICT_PROTOTYPES = YES;
				CLANG_WARN_SUSPICIOUS_MOVE = YES;
				CLANG_WARN_UNGUARDED_AVAILABILITY = YES_AGGRESSIVE;
				CLANG_WARN_UNREACHABLE_CODE = YES;
				CLANG_WARN__DUPLICATE_METHOD_MATCH = YES;
				CODE_SIGN_IDENTITY = "iPhone Developer";
				COPY_PHASE_STRIP = NO;
				DEBUG_INFORMATION_FORMAT = "dwarf-with-dsym";
				ENABLE_NS_ASSERTIONS = NO;
				ENABLE_STRICT_OBJC_MSGSEND = YES;
				GCC_C_LANGUAGE_STANDARD = gnu11;
				GCC_NO_COMMON_BLOCKS = YES;
				GCC_WARN_64_TO_32_BIT_CONVERSION = YES;
				GCC_WARN_ABOUT_RETURN_TYPE = YES_ERROR;
				GCC_WARN_UNDECLARED_SELECTOR = YES;
				GCC_WARN_UNINITIALIZED_AUTOS = YES_AGGRESSIVE;
				GCC_WARN_UNUSED_FUNCTION = YES;
				GCC_WARN_UNUSED_VARIABLE = YES;
				IPHONEOS_DEPLOYMENT_TARGET = 11.3;
				MTL_ENABLE_DEBUG_INFO = NO;
				SDKROOT = iphoneos;
				SWIFT_COMPILATION_MODE = wholemodule;
				SWIFT_OPTIMIZATION_LEVEL = "-O";
				VALIDATE_PRODUCT = YES;
			};
			name = Release;
		};
		059E6A0B20EBA80600077AEF /* Debug */ = {
			isa = XCBuildConfiguration;
			baseConfigurationReference = 4B6DE46CA3520DE017822F8E /* Pods-ResearchKit Demo.debug.xcconfig */;
			buildSettings = {
				ALWAYS_EMBED_SWIFT_STANDARD_LIBRARIES = YES;
				ASSETCATALOG_COMPILER_APPICON_NAME = AppIcon;
				CODE_SIGN_STYLE = Automatic;
				INFOPLIST_FILE = "ResearchKit Demo/Info.plist";
				LD_RUNPATH_SEARCH_PATHS = (
					"$(inherited)",
					"@executable_path/Frameworks",
				);
				PRODUCT_BUNDLE_IDENTIFIER = "com.solutionanalysts.ResearchKit-Demo";
				PRODUCT_NAME = "$(TARGET_NAME)";
				SWIFT_VERSION = 4.0;
				TARGETED_DEVICE_FAMILY = "1,2";
			};
			name = Debug;
		};
		059E6A0C20EBA80600077AEF /* Release */ = {
			isa = XCBuildConfiguration;
			baseConfigurationReference = FB653B357D8606E5A2BE51BF /* Pods-ResearchKit Demo.release.xcconfig */;
			buildSettings = {
				ALWAYS_EMBED_SWIFT_STANDARD_LIBRARIES = YES;
				ASSETCATALOG_COMPILER_APPICON_NAME = AppIcon;
				CODE_SIGN_STYLE = Automatic;
				INFOPLIST_FILE = "ResearchKit Demo/Info.plist";
				LD_RUNPATH_SEARCH_PATHS = (
					"$(inherited)",
					"@executable_path/Frameworks",
				);
				PRODUCT_BUNDLE_IDENTIFIER = "com.solutionanalysts.ResearchKit-Demo";
				PRODUCT_NAME = "$(TARGET_NAME)";
				SWIFT_VERSION = 4.0;
				TARGETED_DEVICE_FAMILY = "1,2";
			};
			name = Release;
		};
/* End XCBuildConfiguration section */

/* Begin XCConfigurationList section */
		059E69F020EBA80100077AEF /* Build configuration list for PBXProject "ResearchKit Demo" */ = {
			isa = XCConfigurationList;
			buildConfigurations = (
				059E6A0820EBA80600077AEF /* Debug */,
				059E6A0920EBA80600077AEF /* Release */,
			);
			defaultConfigurationIsVisible = 0;
			defaultConfigurationName = Release;
		};
		059E6A0A20EBA80600077AEF /* Build configuration list for PBXNativeTarget "ResearchKit Demo" */ = {
			isa = XCConfigurationList;
			buildConfigurations = (
				059E6A0B20EBA80600077AEF /* Debug */,
				059E6A0C20EBA80600077AEF /* Release */,
			);
			defaultConfigurationIsVisible = 0;
			defaultConfigurationName = Release;
		};
/* End XCConfigurationList section */

/* Begin XCVersionGroup section */
		059E69FF20EBA80100077AEF /* ResearchKit_Demo.xcdatamodeld */ = {
			isa = XCVersionGroup;
			children = (
				059E6A0020EBA80100077AEF /* ResearchKit_Demo.xcdatamodel */,
			);
			currentVersion = 059E6A0020EBA80100077AEF /* ResearchKit_Demo.xcdatamodel */;
			path = ResearchKit_Demo.xcdatamodeld;
			sourceTree = "<group>";
			versionGroupType = wrapper.xcdatamodel;
		};
/* End XCVersionGroup section */
	};
	rootObject = 059E69ED20EBA80100077AEF /* Project object */;
}
